
Microsoft Visual Studio Solution File, Format Version 12.00
# Visual Studio Version 16
VisualStudioVersion = 16.0.30114.105
MinimumVisualStudioVersion = 10.0.40219.1
Project("{FAE04EC0-301F-11D3-BF4B-00C04F79EFBC}") = "SensorsAPI.Server", "Server\SensorsAPI.Server.csproj", "{50312929-15D3-4B57-9501-8E36759C3451}"
EndProject
Project("{FAE04EC0-301F-11D3-BF4B-00C04F79EFBC}") = "SensorsAPI.Client", "Client\SensorsAPI.Client.csproj", "{7A2268AD-1160-42A0-9EC6-E4D90F4FF114}"
EndProject
Global
	GlobalSection(SolutionConfigurationPlatforms) = preSolution
		Debug|Any CPU = Debug|Any CPU
		Release|Any CPU = Release|Any CPU
	EndGlobalSection
	GlobalSection(SolutionProperties) = preSolution
		HideSolutionNode = FALSE
	EndGlobalSection
	GlobalSection(ProjectConfigurationPlatforms) = postSolution
		{50312929-15D3-4B57-9501-8E36759C3451}.Debug|Any CPU.ActiveCfg = Debug|Any CPU
		{50312929-15D3-4B57-9501-8E36759C3451}.Debug|Any CPU.Build.0 = Debug|Any CPU
		{50312929-15D3-4B57-9501-8E36759C3451}.Release|Any CPU.ActiveCfg = Release|Any CPU
		{50312929-15D3-4B57-9501-8E36759C3451}.Release|Any CPU.Build.0 = Release|Any CPU
		{7A2268AD-1160-42A0-9EC6-E4D90F4FF114}.Debug|Any CPU.ActiveCfg = Debug|Any CPU
		{7A2268AD-1160-42A0-9EC6-E4D90F4FF114}.Debug|Any CPU.Build.0 = Debug|Any CPU
		{7A2268AD-1160-42A0-9EC6-E4D90F4FF114}.Release|Any CPU.ActiveCfg = Release|Any CPU
		{7A2268AD-1160-42A0-9EC6-E4D90F4FF114}.Release|Any CPU.Build.0 = Release|Any CPU
	EndGlobalSection
EndGlobal
